
Microsoft Visual Studio Solution File, Format Version 11.00
# Visual Studio 2010
Project("{8BC9CEB8-8B4A-11D0-8D11-00A0C91BC942}") = "libCLImate.core", "projects\libCLImate.core\vc12\libCLImate.core.vcxproj", "{7C0104C4-05FA-4E6E-80E6-B0708B7CA6AC}"
EndProject
Project("{8BC9CEB8-8B4A-11D0-8D11-00A0C91BC942}") = "example.C.args", "examples\C\example.C.args\vc12\example.C.args.vcxproj", "{CCC7B572-0126-4FA6-8940-6B1522FC7145}"
	ProjectSection(ProjectDependencies) = postProject
		{7C0104C4-05FA-4E6E-80E6-B0708B7CA6AC} = {7C0104C4-05FA-4E6E-80E6-B0708B7CA6AC}
	EndProjectSection
EndProject
Project("{8BC9CEB8-8B4A-11D0-8D11-00A0C91BC942}") = "example.C.args.implicit_main", "examples\C\example.C.args.implicit_main\vc12\example.C.args.implicit_main.vcxproj", "{01B9D2E1-0DDC-406F-95A9-91E6A40CF6E4}"
	ProjectSection(ProjectDependencies) = postProject
		{7C0104C4-05FA-4E6E-80E6-B0708B7CA6AC} = {7C0104C4-05FA-4E6E-80E6-B0708B7CA6AC}
	EndProjectSection
EndProject
Project("{8BC9CEB8-8B4A-11D0-8D11-00A0C91BC942}") = "example.C++.implicit_main.throw", "examples\C++\example.C++.implicit_main.throw\vc12\example.C++.implicit_main.throw.vcxproj", "{1CF2F09A-EA21-4932-B065-B7F8BD5FCDD2}"
	ProjectSection(ProjectDependencies) = postProject
		{7C0104C4-05FA-4E6E-80E6-B0708B7CA6AC} = {7C0104C4-05FA-4E6E-80E6-B0708B7CA6AC}
	EndProjectSection
EndProject
Project("{8BC9CEB8-8B4A-11D0-8D11-00A0C91BC942}") = "example.C++.args.implicit_main", "examples\C++\example.C++.args.implicit_main\vc12\example.C++.args.implicit_main.vcxproj", "{3B4C7297-C69C-4621-9E1A-6112D9F4B934}"
	ProjectSection(ProjectDependencies) = postProject
		{7C0104C4-05FA-4E6E-80E6-B0708B7CA6AC} = {7C0104C4-05FA-4E6E-80E6-B0708B7CA6AC}
	EndProjectSection
EndProject
Global
	GlobalSection(SolutionConfigurationPlatforms) = preSolution
		Debug Multithreaded|Win32 = Debug Multithreaded|Win32
		Debug Multithreaded|x64 = Debug Multithreaded|x64
		Release Multithreaded|Win32 = Release Multithreaded|Win32
		Release Multithreaded|x64 = Release Multithreaded|x64
		Unicode Debug Multithreaded|Win32 = Unicode Debug Multithreaded|Win32
		Unicode Debug Multithreaded|x64 = Unicode Debug Multithreaded|x64
		Unicode Release Multithreaded|Win32 = Unicode Release Multithreaded|Win32
		Unicode Release Multithreaded|x64 = Unicode Release Multithreaded|x64
	EndGlobalSection
	GlobalSection(ProjectConfigurationPlatforms) = postSolution
		{7C0104C4-05FA-4E6E-80E6-B0708B7CA6AC}.Debug Multithreaded|Win32.ActiveCfg = Debug Multithreaded|Win32
		{7C0104C4-05FA-4E6E-80E6-B0708B7CA6AC}.Debug Multithreaded|Win32.Build.0 = Debug Multithreaded|Win32
		{7C0104C4-05FA-4E6E-80E6-B0708B7CA6AC}.Debug Multithreaded|x64.ActiveCfg = Debug Multithreaded|x64
		{7C0104C4-05FA-4E6E-80E6-B0708B7CA6AC}.Debug Multithreaded|x64.Build.0 = Debug Multithreaded|x64
		{7C0104C4-05FA-4E6E-80E6-B0708B7CA6AC}.Release Multithreaded|Win32.ActiveCfg = Release Multithreaded|Win32
		{7C0104C4-05FA-4E6E-80E6-B0708B7CA6AC}.Release Multithreaded|Win32.Build.0 = Release Multithreaded|Win32
		{7C0104C4-05FA-4E6E-80E6-B0708B7CA6AC}.Release Multithreaded|x64.ActiveCfg = Release Multithreaded|x64
		{7C0104C4-05FA-4E6E-80E6-B0708B7CA6AC}.Release Multithreaded|x64.Build.0 = Release Multithreaded|x64
		{7C0104C4-05FA-4E6E-80E6-B0708B7CA6AC}.Unicode Debug Multithreaded|Win32.ActiveCfg = Unicode Debug Multithreaded|Win32
		{7C0104C4-05FA-4E6E-80E6-B0708B7CA6AC}.Unicode Debug Multithreaded|Win32.Build.0 = Unicode Debug Multithreaded|Win32
		{7C0104C4-05FA-4E6E-80E6-B0708B7CA6AC}.Unicode Debug Multithreaded|x64.ActiveCfg = Unicode Debug Multithreaded|x64
		{7C0104C4-05FA-4E6E-80E6-B0708B7CA6AC}.Unicode Debug Multithreaded|x64.Build.0 = Unicode Debug Multithreaded|x64
		{7C0104C4-05FA-4E6E-80E6-B0708B7CA6AC}.Unicode Release Multithreaded|Win32.ActiveCfg = Unicode Release Multithreaded|Win32
		{7C0104C4-05FA-4E6E-80E6-B0708B7CA6AC}.Unicode Release Multithreaded|Win32.Build.0 = Unicode Release Multithreaded|Win32
		{7C0104C4-05FA-4E6E-80E6-B0708B7CA6AC}.Unicode Release Multithreaded|x64.ActiveCfg = Unicode Release Multithreaded|x64
		{7C0104C4-05FA-4E6E-80E6-B0708B7CA6AC}.Unicode Release Multithreaded|x64.Build.0 = Unicode Release Multithreaded|x64
		{CCC7B572-0126-4FA6-8940-6B1522FC7145}.Debug Multithreaded|Win32.ActiveCfg = Debug Multithreaded|Win32
		{CCC7B572-0126-4FA6-8940-6B1522FC7145}.Debug Multithreaded|Win32.Build.0 = Debug Multithreaded|Win32
		{CCC7B572-0126-4FA6-8940-6B1522FC7145}.Debug Multithreaded|x64.ActiveCfg = Debug Multithreaded|x64
		{CCC7B572-0126-4FA6-8940-6B1522FC7145}.Debug Multithreaded|x64.Build.0 = Debug Multithreaded|x64
		{CCC7B572-0126-4FA6-8940-6B1522FC7145}.Release Multithreaded|Win32.ActiveCfg = Release Multithreaded|Win32
		{CCC7B572-0126-4FA6-8940-6B1522FC7145}.Release Multithreaded|Win32.Build.0 = Release Multithreaded|Win32
		{CCC7B572-0126-4FA6-8940-6B1522FC7145}.Release Multithreaded|x64.ActiveCfg = Release Multithreaded|x64
		{CCC7B572-0126-4FA6-8940-6B1522FC7145}.Release Multithreaded|x64.Build.0 = Release Multithreaded|x64
		{CCC7B572-0126-4FA6-8940-6B1522FC7145}.Unicode Debug Multithreaded|Win32.ActiveCfg = Debug Multithreaded|Win32
		{CCC7B572-0126-4FA6-8940-6B1522FC7145}.Unicode Debug Multithreaded|x64.ActiveCfg = Debug Multithreaded|x64
		{CCC7B572-0126-4FA6-8940-6B1522FC7145}.Unicode Release Multithreaded|Win32.ActiveCfg = Release Multithreaded|Win32
		{CCC7B572-0126-4FA6-8940-6B1522FC7145}.Unicode Release Multithreaded|x64.ActiveCfg = Release Multithreaded|x64
		{01B9D2E1-0DDC-406F-95A9-91E6A40CF6E4}.Debug Multithreaded|Win32.ActiveCfg = Debug Multithreaded|Win32
		{01B9D2E1-0DDC-406F-95A9-91E6A40CF6E4}.Debug Multithreaded|Win32.Build.0 = Debug Multithreaded|Win32
		{01B9D2E1-0DDC-406F-95A9-91E6A40CF6E4}.Debug Multithreaded|x64.ActiveCfg = Debug Multithreaded|x64
		{01B9D2E1-0DDC-406F-95A9-91E6A40CF6E4}.Debug Multithreaded|x64.Build.0 = Debug Multithreaded|x64
		{01B9D2E1-0DDC-406F-95A9-91E6A40CF6E4}.Release Multithreaded|Win32.ActiveCfg = Release Multithreaded|Win32
		{01B9D2E1-0DDC-406F-95A9-91E6A40CF6E4}.Release Multithreaded|Win32.Build.0 = Release Multithreaded|Win32
		{01B9D2E1-0DDC-406F-95A9-91E6A40CF6E4}.Release Multithreaded|x64.ActiveCfg = Release Multithreaded|x64
		{01B9D2E1-0DDC-406F-95A9-91E6A40CF6E4}.Release Multithreaded|x64.Build.0 = Release Multithreaded|x64
		{01B9D2E1-0DDC-406F-95A9-91E6A40CF6E4}.Unicode Debug Multithreaded|Win32.ActiveCfg = Debug Multithreaded|Win32
		{01B9D2E1-0DDC-406F-95A9-91E6A40CF6E4}.Unicode Debug Multithreaded|x64.ActiveCfg = Debug Multithreaded|x64
		{01B9D2E1-0DDC-406F-95A9-91E6A40CF6E4}.Unicode Release Multithreaded|Win32.ActiveCfg = Release Multithreaded|Win32
		{01B9D2E1-0DDC-406F-95A9-91E6A40CF6E4}.Unicode Release Multithreaded|x64.ActiveCfg = Release Multithreaded|x64
		{1CF2F09A-EA21-4932-B065-B7F8BD5FCDD2}.Debug Multithreaded|Win32.ActiveCfg = Debug Multithreaded|Win32
		{1CF2F09A-EA21-4932-B065-B7F8BD5FCDD2}.Debug Multithreaded|Win32.Build.0 = Debug Multithreaded|Win32
		{1CF2F09A-EA21-4932-B065-B7F8BD5FCDD2}.Debug Multithreaded|x64.ActiveCfg = Debug Multithreaded|x64
		{1CF2F09A-EA21-4932-B065-B7F8BD5FCDD2}.Debug Multithreaded|x64.Build.0 = Debug Multithreaded|x64
		{1CF2F09A-EA21-4932-B065-B7F8BD5FCDD2}.Release Multithreaded|Win32.ActiveCfg = Release Multithreaded|Win32
		{1CF2F09A-EA21-4932-B065-B7F8BD5FCDD2}.Release Multithreaded|Win32.Build.0 = Release Multithreaded|Win32
		{1CF2F09A-EA21-4932-B065-B7F8BD5FCDD2}.Release Multithreaded|x64.ActiveCfg = Release Multithreaded|x64
		{1CF2F09A-EA21-4932-B065-B7F8BD5FCDD2}.Release Multithreaded|x64.Build.0 = Release Multithreaded|x64
		{1CF2F09A-EA21-4932-B065-B7F8BD5FCDD2}.Unicode Debug Multithreaded|Win32.ActiveCfg = Debug Multithreaded|Win32
		{1CF2F09A-EA21-4932-B065-B7F8BD5FCDD2}.Unicode Debug Multithreaded|x64.ActiveCfg = Debug Multithreaded|x64
		{1CF2F09A-EA21-4932-B065-B7F8BD5FCDD2}.Unicode Release Multithreaded|Win32.ActiveCfg = Release Multithreaded|Win32
		{1CF2F09A-EA21-4932-B065-B7F8BD5FCDD2}.Unicode Release Multithreaded|x64.ActiveCfg = Release Multithreaded|x64
		{3B4C7297-C69C-4621-9E1A-6112D9F4B934}.Debug Multithreaded|Win32.ActiveCfg = Debug Multithreaded|Win32
		{3B4C7297-C69C-4621-9E1A-6112D9F4B934}.Debug Multithreaded|Win32.Build.0 = Debug Multithreaded|Win32
		{3B4C7297-C69C-4621-9E1A-6112D9F4B934}.Debug Multithreaded|x64.ActiveCfg = Debug Multithreaded|x64
		{3B4C7297-C69C-4621-9E1A-6112D9F4B934}.Debug Multithreaded|x64.Build.0 = Debug Multithreaded|x64
		{3B4C7297-C69C-4621-9E1A-6112D9F4B934}.Release Multithreaded|Win32.ActiveCfg = Release Multithreaded|Win32
		{3B4C7297-C69C-4621-9E1A-6112D9F4B934}.Release Multithreaded|Win32.Build.0 = Release Multithreaded|Win32
		{3B4C7297-C69C-4621-9E1A-6112D9F4B934}.Release Multithreaded|x64.ActiveCfg = Release Multithreaded|x64
		{3B4C7297-C69C-4621-9E1A-6112D9F4B934}.Release Multithreaded|x64.Build.0 = Release Multithreaded|x64
		{3B4C7297-C69C-4621-9E1A-6112D9F4B934}.Unicode Debug Multithreaded|Win32.ActiveCfg = Debug Multithreaded|Win32
		{3B4C7297-C69C-4621-9E1A-6112D9F4B934}.Unicode Debug Multithreaded|x64.ActiveCfg = Debug Multithreaded|x64
		{3B4C7297-C69C-4621-9E1A-6112D9F4B934}.Unicode Release Multithreaded|Win32.ActiveCfg = Release Multithreaded|Win32
		{3B4C7297-C69C-4621-9E1A-6112D9F4B934}.Unicode Release Multithreaded|x64.ActiveCfg = Release Multithreaded|x64
	EndGlobalSection
	GlobalSection(SolutionProperties) = preSolution
		HideSolutionNode = FALSE
	EndGlobalSection
EndGlobal
